
Microsoft Visual Studio Solution File, Format Version 12.00
# Visual Studio Version 16
VisualStudioVersion = 16.0.28922.388
MinimumVisualStudioVersion = 10.0.40219.1
Project("{FAE04EC0-301F-11D3-BF4B-00C04F79EFBC}") = "ChapooUI", "ChapooUI\ChapooUI.csproj", "{2FCE0F6D-C168-486C-9671-3FB95A7580A8}"
EndProject
Project("{FAE04EC0-301F-11D3-BF4B-00C04F79EFBC}") = "ChapooModel", "ChapooModel\ChapooModel.csproj", "{F01F527C-7F3E-4194-8A17-17B51142FB76}"
EndProject
Project("{FAE04EC0-301F-11D3-BF4B-00C04F79EFBC}") = "ChapooLogic", "ChapooLogic\ChapooLogic.csproj", "{1412986C-7FB9-4B84-B618-84EAC41A9477}"
EndProject
Project("{FAE04EC0-301F-11D3-BF4B-00C04F79EFBC}") = "ChapooDAL", "ChapooDAL\ChapooDAL.csproj", "{BAEE4B4F-6CC8-4F85-9178-54E52530848C}"
EndProject
Global
	GlobalSection(SolutionConfigurationPlatforms) = preSolution
		Debug|Any CPU = Debug|Any CPU
		Release|Any CPU = Release|Any CPU
	EndGlobalSection
	GlobalSection(ProjectConfigurationPlatforms) = postSolution
		{2FCE0F6D-C168-486C-9671-3FB95A7580A8}.Debug|Any CPU.ActiveCfg = Debug|Any CPU
		{2FCE0F6D-C168-486C-9671-3FB95A7580A8}.Debug|Any CPU.Build.0 = Debug|Any CPU
		{2FCE0F6D-C168-486C-9671-3FB95A7580A8}.Release|Any CPU.ActiveCfg = Release|Any CPU
		{2FCE0F6D-C168-486C-9671-3FB95A7580A8}.Release|Any CPU.Build.0 = Release|Any CPU
		{F01F527C-7F3E-4194-8A17-17B51142FB76}.Debug|Any CPU.ActiveCfg = Debug|Any CPU
		{F01F527C-7F3E-4194-8A17-17B51142FB76}.Debug|Any CPU.Build.0 = Debug|Any CPU
		{F01F527C-7F3E-4194-8A17-17B51142FB76}.Release|Any CPU.ActiveCfg = Release|Any CPU
		{F01F527C-7F3E-4194-8A17-17B51142FB76}.Release|Any CPU.Build.0 = Release|Any CPU
		{1412986C-7FB9-4B84-B618-84EAC41A9477}.Debug|Any CPU.ActiveCfg = Debug|Any CPU
		{1412986C-7FB9-4B84-B618-84EAC41A9477}.Debug|Any CPU.Build.0 = Debug|Any CPU
		{1412986C-7FB9-4B84-B618-84EAC41A9477}.Release|Any CPU.ActiveCfg = Release|Any CPU
		{1412986C-7FB9-4B84-B618-84EAC41A9477}.Release|Any CPU.Build.0 = Release|Any CPU
		{BAEE4B4F-6CC8-4F85-9178-54E52530848C}.Debug|Any CPU.ActiveCfg = Debug|Any CPU
		{BAEE4B4F-6CC8-4F85-9178-54E52530848C}.Debug|Any CPU.Build.0 = Debug|Any CPU
		{BAEE4B4F-6CC8-4F85-9178-54E52530848C}.Release|Any CPU.ActiveCfg = Release|Any CPU
		{BAEE4B4F-6CC8-4F85-9178-54E52530848C}.Release|Any CPU.Build.0 = Release|Any CPU
	EndGlobalSection
	GlobalSection(SolutionProperties) = preSolution
		HideSolutionNode = FALSE
	EndGlobalSection
	GlobalSection(ExtensibilityGlobals) = postSolution
		SolutionGuid = {0D8277A9-E438-449A-9196-63F7D0FE3400}
	EndGlobalSection
EndGlobal
